
Microsoft Visual Studio Solution File, Format Version 12.00
# Visual Studio Version 17
VisualStudioVersion = 17.3.32901.215
MinimumVisualStudioVersion = 10.0.40219.1
Project("{8BC9CEB8-8B4A-11D0-8D11-00A0C91BC942}") = "Project1", "Project1\Project1.vcxproj", "{DDDE6809-A443-4DE2-90D7-667C22F738EA}"
EndProject
Global
	GlobalSection(SolutionConfigurationPlatforms) = preSolution
		Debug|x64 = Debug|x64
		Debug|x86 = Debug|x86
		Release|x64 = Release|x64
		Release|x86 = Release|x86
	EndGlobalSection
	GlobalSection(ProjectConfigurationPlatforms) = postSolution
		{DDDE6809-A443-4DE2-90D7-667C22F738EA}.Debug|x64.ActiveCfg = Debug|x64
		{DDDE6809-A443-4DE2-90D7-667C22F738EA}.Debug|x64.Build.0 = Debug|x64
		{DDDE6809-A443-4DE2-90D7-667C22F738EA}.Debug|x86.ActiveCfg = Debug|Win32
		{DDDE6809-A443-4DE2-90D7-667C22F738EA}.Debug|x86.Build.0 = Debug|Win32
		{DDDE6809-A443-4DE2-90D7-667C22F738EA}.Release|x64.ActiveCfg = Release|x64
		{DDDE6809-A443-4DE2-90D7-667C22F738EA}.Release|x64.Build.0 = Release|x64
		{DDDE6809-A443-4DE2-90D7-667C22F738EA}.Release|x86.ActiveCfg = Release|Win32
		{DDDE6809-A443-4DE2-90D7-667C22F738EA}.Release|x86.Build.0 = Release|Win32
	EndGlobalSection
	GlobalSection(SolutionProperties) = preSolution
		HideSolutionNode = FALSE
	EndGlobalSection
	GlobalSection(ExtensibilityGlobals) = postSolution
		SolutionGuid = {159CD433-2B6D-4939-AF0A-7F59A29B2826}
	EndGlobalSection
EndGlobal
